
Microsoft Visual Studio Solution File, Format Version 12.00
# Visual Studio 15
VisualStudioVersion = 15.0.27703.2000
MinimumVisualStudioVersion = 10.0.40219.1
Project("{FAE04EC0-301F-11D3-BF4B-00C04F79EFBC}") = "RippleTextbox", "RippleTextbox\RippleTextbox.csproj", "{91275E3F-4500-4EFE-AA7F-2C0CDE7153C9}"
EndProject
Global
	GlobalSection(SolutionConfigurationPlatforms) = preSolution
		Debug|Any CPU = Debug|Any CPU
		Release|Any CPU = Release|Any CPU
	EndGlobalSection
	GlobalSection(ProjectConfigurationPlatforms) = postSolution
		{91275E3F-4500-4EFE-AA7F-2C0CDE7153C9}.Debug|Any CPU.ActiveCfg = Debug|Any CPU
		{91275E3F-4500-4EFE-AA7F-2C0CDE7153C9}.Debug|Any CPU.Build.0 = Debug|Any CPU
		{91275E3F-4500-4EFE-AA7F-2C0CDE7153C9}.Release|Any CPU.ActiveCfg = Release|Any CPU
		{91275E3F-4500-4EFE-AA7F-2C0CDE7153C9}.Release|Any CPU.Build.0 = Release|Any CPU
	EndGlobalSection
	GlobalSection(SolutionProperties) = preSolution
		HideSolutionNode = FALSE
	EndGlobalSection
	GlobalSection(ExtensibilityGlobals) = postSolution
		SolutionGuid = {69250E4F-BA85-4764-90DD-1A30D864418D}
	EndGlobalSection
EndGlobal
